<?xml version="1.0" encoding="utf-8"?>
<Project ToolsVersion="4.0" xmlns="http://schemas.microsoft.com/developer/msbuild/2003">
  <ItemGroup>
    <Filter Include="Source Files">
      <UniqueIdentifier>{4FC737F1-C7A5-4376-A066-2A32D752A2FF}</UniqueIdentifier>
      <Extensions>cpp;c;cc;cxx;def;odl;idl;hpj;bat;asm;asmx</Extensions>
    </Filter>
    <Filter Include="Header Files">
      <UniqueIdentifier>{93995380-89BD-4b04-88EB-625FBE52EBFB}</UniqueIdentifier>
      <Extensions>h;hh;hpp;hxx;hm;inl;inc;xsd</Extensions>
    </Filter>
    <Filter Include="Resource Files">
      <UniqueIdentifier>{67DA6AB6-F800-4c08-8B7A-83BB121AAD01}</UniqueIdentifier>
      <Extensions>rc;ico;cur;bmp;dlg;rc2;rct;bin;rgs;gif;jpg;jpeg;jpe;resx;tiff;tif;png;wav;mfcribbon-ms</Extensions>
    </Filter>
    <Filter Include="Source Files\Engine">
      <UniqueIdentifier>{4a8dd5fe-daea-4559-b617-4e6f4cb995e0}</UniqueIdentifier>
    </Filter>
    <Filter Include="Source Files\Engine\Camera">
      <UniqueIdentifier>{8ac21d2f-1597-44dc-8402-3600b6d4484d}</UniqueIdentifier>
    </Filter>
    <Filter Include="Source Files\Engine\Interfaces">
      <UniqueIdentifier>{f82f4ea6-bade-4126-824e-8f4774dff8b1}</UniqueIdentifier>
    </Filter>
    <Filter Include="Source Files\Engine\Renderer">
      <UniqueIdentifier>{80150e33-32a7-487b-9978-4446296eb72b}</UniqueIdentifier>
    </Filter>
    <Filter Include="Source Files\Engine\System">
      <UniqueIdentifier>{bec7a024-ae13-4dcc-acfc-ecdb642e943c}</UniqueIdentifier>
    </Filter>
    <Filter Include="Source Files\Engine\System\Input">
      <UniqueIdentifier>{8667d8f8-36ea-4a08-87cf-bcd1ad030454}</UniqueIdentifier>
    </Filter>
    <Filter Include="Source Files\Game">
      <UniqueIdentifier>{5c9daf40-3398-4b8c-b3e5-d1256011c23c}</UniqueIdentifier>
    </Filter>
    <Filter Include="Source Files\Game\Camera">
      <UniqueIdentifier>{f19d1040-b907-4b69-ad1f-09b302e9d8fb}</UniqueIdentifier>
    </Filter>
    <Filter Include="Source Files\Engine\System\Input\Listeners">
      <UniqueIdentifier>{8c6c67ad-1dc9-4e0b-9d60-06d9b0c6f4ba}</UniqueIdentifier>
    </Filter>
    <Filter Include="Source Files\Engine\System\Console">
      <UniqueIdentifier>{77a98c57-5d3f-4657-8f11-788f02487fea}</UniqueIdentifier>
    </Filter>
    <Filter Include="Source Files\Engine\System\Console\Commands">
      <UniqueIdentifier>{a5fbb322-20fb-43c3-95fc-125e1b10dcf4}</UniqueIdentifier>
    </Filter>
    <Filter Include="Source Files\Engine\Utils">
      <UniqueIdentifier>{d658f723-657c-4d8c-865f-d239f40fbd1a}</UniqueIdentifier>
    </Filter>
    <Filter Include="Source Files\Engine\Utils\OBJLoader">
      <UniqueIdentifier>{9bf2e221-dc28-4dae-94b0-9371a527fdb1}</UniqueIdentifier>
    </Filter>
    <Filter Include="Source Files\Engine\Utils\Json">
      <UniqueIdentifier>{38075fe3-4d39-4a98-80d3-6bc2066919ff}</UniqueIdentifier>
    </Filter>
    <Filter Include="Source Files\Engine\Renderer\Environment">
      <UniqueIdentifier>{1ff8cf50-98e9-4dc3-a72b-a23f1871cb73}</UniqueIdentifier>
    </Filter>
  </ItemGroup>
  <ItemGroup>
    <ClCompile Include="tiny_obj_loader.cc">
      <Filter>Source Files\Engine\Utils\OBJLoader</Filter>
    </ClCompile>
    <ClCompile Include="GlobalSystem.cpp">
      <Filter>Source Files\Engine\System</Filter>
    </ClCompile>
    <ClCompile Include="Renderer.cpp">
      <Filter>Source Files\Engine\Renderer</Filter>
    </ClCompile>
    <ClCompile Include="MeshSystem.cpp">
      <Filter>Source Files\Engine\System</Filter>
    </ClCompile>
    <ClCompile Include="Mesh.cpp">
      <Filter>Source Files\Engine\System</Filter>
    </ClCompile>
    <ClCompile Include="Shader.cpp">
      <Filter>Source Files\Engine\System</Filter>
    </ClCompile>
    <ClCompile Include="Camera.cpp">
      <Filter>Source Files\Engine\Camera</Filter>
    </ClCompile>
    <ClCompile Include="FPCamera.cpp">
      <Filter>Source Files\Game\Camera</Filter>
    </ClCompile>
    <ClCompile Include="MainWindow.cpp">
      <Filter>Source Files\Engine\Renderer</Filter>
    </ClCompile>
    <ClCompile Include="Input.cpp">
      <Filter>Source Files\Engine\System\Input</Filter>
    </ClCompile>
    <ClCompile Include="WindowInput.cpp">
      <Filter>Source Files\Engine\System\Input\Listeners</Filter>
    </ClCompile>
    <ClCompile Include="GameInput.cpp">
      <Filter>Source Files\Engine\System\Input\Listeners</Filter>
    </ClCompile>
    <ClCompile Include="ConsoleInput.cpp">
      <Filter>Source Files\Engine\System\Input\Listeners</Filter>
    </ClCompile>
    <ClCompile Include="ConsoleSystem.cpp">
      <Filter>Source Files\Engine\System\Console</Filter>
    </ClCompile>
    <ClCompile Include="SetCommand.cpp">
      <Filter>Source Files\Engine\System\Console\Commands</Filter>
    </ClCompile>
    <ClCompile Include="EnableCommand.cpp">
      <Filter>Source Files\Engine\System\Console\Commands</Filter>
    </ClCompile>
    <ClCompile Include="DisableCommand.cpp">
      <Filter>Source Files\Engine\System\Console</Filter>
    </ClCompile>
    <ClCompile Include="Material.cpp">
      <Filter>Source Files\Engine\System</Filter>
    </ClCompile>
    <ClCompile Include="MaterialSystem.cpp">
      <Filter>Source Files\Engine\System</Filter>
    </ClCompile>
    <ClCompile Include="JsonTool.cpp">
      <Filter>Source Files\Engine\Utils\Json</Filter>
    </ClCompile>
    <ClCompile Include="Tools.cpp">
      <Filter>Source Files\Engine\Utils</Filter>
    </ClCompile>
    <ClCompile Include="Texture.cpp">
      <Filter>Source Files\Engine\System</Filter>
    </ClCompile>
    <ClCompile Include="PostProcessor.cpp">
      <Filter>Source Files\Engine\Renderer</Filter>
    </ClCompile>
    <ClCompile Include="LightSystem.cpp">
      <Filter>Source Files\Engine\System</Filter>
    </ClCompile>
    <ClCompile Include="Light.cpp">
      <Filter>Source Files\Engine\System</Filter>
    </ClCompile>
    <ClCompile Include="EnvironmentLoader.cpp">
      <Filter>Source Files\Engine\System</Filter>
    </ClCompile>
    <ClCompile Include="SkyBox.cpp">
      <Filter>Source Files\Engine\Renderer\Environment</Filter>
    </ClCompile>
  </ItemGroup>
  <ItemGroup>
    <ClInclude Include="shine.h">
      <Filter>Header Files</Filter>
    </ClInclude>
    <ClInclude Include="tiny_obj_loader.h">
      <Filter>Source Files\Engine\Utils\OBJLoader</Filter>
    </ClInclude>
    <ClInclude Include="IMesh.h">
      <Filter>Source Files\Engine\Interfaces</Filter>
    </ClInclude>
    <ClInclude Include="IShader.h">
      <Filter>Source Files\Engine\Interfaces</Filter>
    </ClInclude>
    <ClInclude Include="ICamera.h">
      <Filter>Source Files\Engine\Interfaces</Filter>
    </ClInclude>
    <ClInclude Include="Option.h">
      <Filter>Source Files\Engine\System\Console</Filter>
    </ClInclude>
    <ClInclude Include="Command.h">
      <Filter>Source Files\Engine\System\Console\Commands</Filter>
    </ClInclude>
    <ClInclude Include="ConsoleCommands.h">
      <Filter>Source Files\Engine\System\Console\Commands</Filter>
    </ClInclude>
    <ClInclude Include="IInputListener.h">
      <Filter>Source Files\Engine\Interfaces</Filter>
    </ClInclude>
    <ClInclude Include="IMaterial.h">
      <Filter>Source Files\Engine\Interfaces</Filter>
    </ClInclude>
    <ClInclude Include="ITexture.h">
      <Filter>Source Files\Engine\Interfaces</Filter>
    </ClInclude>
    <ClInclude Include="Camera.h">
      <Filter>Header Files</Filter>
    </ClInclude>
    <ClInclude Include="MainWindow.h">
      <Filter>Header Files</Filter>
    </ClInclude>
    <ClInclude Include="PostProcessor.h">
      <Filter>Header Files</Filter>
    </ClInclude>
    <ClInclude Include="Renderer.h">
      <Filter>Header Files</Filter>
    </ClInclude>
    <ClInclude Include="EnableCommand.h">
      <Filter>Header Files</Filter>
    </ClInclude>
    <ClInclude Include="SetCommand.h">
      <Filter>Header Files</Filter>
    </ClInclude>
    <ClInclude Include="DisableCommand.h">
      <Filter>Header Files</Filter>
    </ClInclude>
    <ClInclude Include="ConsoleSystem.h">
      <Filter>Header Files</Filter>
    </ClInclude>
    <ClInclude Include="ConsoleInput.h">
      <Filter>Header Files</Filter>
    </ClInclude>
    <ClInclude Include="GameInput.h">
      <Filter>Header Files</Filter>
    </ClInclude>
    <ClInclude Include="WindowInput.h">
      <Filter>Header Files</Filter>
    </ClInclude>
    <ClInclude Include="Input.h">
      <Filter>Header Files</Filter>
    </ClInclude>
    <ClInclude Include="GlobalSystem.h">
      <Filter>Header Files</Filter>
    </ClInclude>
    <ClInclude Include="Material.h">
      <Filter>Header Files</Filter>
    </ClInclude>
    <ClInclude Include="MaterialSystem.h">
      <Filter>Header Files</Filter>
    </ClInclude>
    <ClInclude Include="Mesh.h">
      <Filter>Header Files</Filter>
    </ClInclude>
    <ClInclude Include="MeshSystem.h">
      <Filter>Header Files</Filter>
    </ClInclude>
    <ClInclude Include="Shader.h">
      <Filter>Header Files</Filter>
    </ClInclude>
    <ClInclude Include="Texture.h">
      <Filter>Header Files</Filter>
    </ClInclude>
    <ClInclude Include="Tools.h">
      <Filter>Header Files</Filter>
    </ClInclude>
    <ClInclude Include="JsonTool.h">
      <Filter>Header Files</Filter>
    </ClInclude>
    <ClInclude Include="FPCamera.h">
      <Filter>Header Files</Filter>
    </ClInclude>
    <ClInclude Include="ILight.h">
      <Filter>Source Files\Engine\Interfaces</Filter>
    </ClInclude>
    <ClInclude Include="LightSystem.h">
      <Filter>Header Files</Filter>
    </ClInclude>
    <ClInclude Include="Light.h">
      <Filter>Header Files</Filter>
    </ClInclude>
    <ClInclude Include="EnvironmentLoader.h">
      <Filter>Header Files</Filter>
    </ClInclude>
    <ClInclude Include="Skybox.h">
      <Filter>Header Files</Filter>
    </ClInclude>
  </ItemGroup>
</Project>