<?xml version="1.0" encoding="utf-8"?>
<Project ToolsVersion="4.0" xmlns="http://schemas.microsoft.com/developer/msbuild/2003">
  <ItemGroup>
    <Filter Include="Source Files">
      <UniqueIdentifier>{4FC737F1-C7A5-4376-A066-2A32D752A2FF}</UniqueIdentifier>
      <Extensions>cpp;c;cc;cxx;def;odl;idl;hpj;bat;asm;asmx</Extensions>
    </Filter>
    <Filter Include="Header Files">
      <UniqueIdentifier>{93995380-89BD-4b04-88EB-625FBE52EBFB}</UniqueIdentifier>
      <Extensions>h;hh;hpp;hxx;hm;inl;inc;xsd</Extensions>
    </Filter>
    <Filter Include="Resource Files">
      <UniqueIdentifier>{67DA6AB6-F800-4c08-8B7A-83BB121AAD01}</UniqueIdentifier>
      <Extensions>rc;ico;cur;bmp;dlg;rc2;rct;bin;rgs;gif;jpg;jpeg;jpe;resx;tiff;tif;png;wav;mfcribbon-ms</Extensions>
    </Filter>
    <Filter Include="Source Files\Renderer">
      <UniqueIdentifier>{80150e33-32a7-487b-9978-4446296eb72b}</UniqueIdentifier>
    </Filter>
    <Filter Include="Source Files\System">
      <UniqueIdentifier>{bec7a024-ae13-4dcc-acfc-ecdb642e943c}</UniqueIdentifier>
    </Filter>
    <Filter Include="Source Files\OBJLoader">
      <UniqueIdentifier>{9bf2e221-dc28-4dae-94b0-9371a527fdb1}</UniqueIdentifier>
    </Filter>
    <Filter Include="Source Files\Interfaces">
      <UniqueIdentifier>{f82f4ea6-bade-4126-824e-8f4774dff8b1}</UniqueIdentifier>
    </Filter>
    <Filter Include="Source Files\System\Input">
      <UniqueIdentifier>{8667d8f8-36ea-4a08-87cf-bcd1ad030454}</UniqueIdentifier>
    </Filter>
  </ItemGroup>
  <ItemGroup>
    <ClCompile Include="MainWindow.cpp">
      <Filter>Source Files\Renderer</Filter>
    </ClCompile>
    <ClCompile Include="tiny_obj_loader.cc">
      <Filter>Source Files\OBJLoader</Filter>
    </ClCompile>
    <ClCompile Include="GlobalSystem.cpp">
      <Filter>Source Files\System</Filter>
    </ClCompile>
    <ClCompile Include="Renderer.cpp">
      <Filter>Source Files\Renderer</Filter>
    </ClCompile>
    <ClCompile Include="MeshSystem.cpp">
      <Filter>Source Files\System</Filter>
    </ClCompile>
    <ClCompile Include="Mesh.cpp">
      <Filter>Source Files\System</Filter>
    </ClCompile>
    <ClCompile Include="Shader.cpp">
      <Filter>Source Files\System</Filter>
    </ClCompile>
  </ItemGroup>
  <ItemGroup>
    <ClInclude Include="shine.h">
      <Filter>Header Files</Filter>
    </ClInclude>
    <ClInclude Include="MainWindow.h">
      <Filter>Source Files\Renderer</Filter>
    </ClInclude>
    <ClInclude Include="tiny_obj_loader.h">
      <Filter>Source Files\OBJLoader</Filter>
    </ClInclude>
    <ClInclude Include="GlobalSystem.h">
      <Filter>Source Files\System</Filter>
    </ClInclude>
    <ClInclude Include="Renderer.h">
      <Filter>Source Files\Renderer</Filter>
    </ClInclude>
    <ClInclude Include="MeshSystem.h">
      <Filter>Source Files\System</Filter>
    </ClInclude>
    <ClInclude Include="IMesh.h">
      <Filter>Source Files\Interfaces</Filter>
    </ClInclude>
    <ClInclude Include="IShader.h">
      <Filter>Source Files\Interfaces</Filter>
    </ClInclude>
    <ClInclude Include="Mesh.h">
      <Filter>Source Files\System</Filter>
    </ClInclude>
    <ClInclude Include="Shader.h">
      <Filter>Source Files\System</Filter>
    </ClInclude>
  </ItemGroup>
</Project>